
Microsoft Visual Studio Solution File, Format Version 12.00
# Visual Studio Version 16
VisualStudioVersion = 16.0.29920.165
MinimumVisualStudioVersion = 10.0.40219.1
Project("{FAE04EC0-301F-11D3-BF4B-00C04F79EFBC}") = "VoteSystemL2j", "VoteSystemL2j\VoteSystemL2j.csproj", "{04D7F985-A769-4079-9311-8E6BE52F7622}"
EndProject
Global
	GlobalSection(SolutionConfigurationPlatforms) = preSolution
		Debug|Any CPU = Debug|Any CPU
		Release|Any CPU = Release|Any CPU
	EndGlobalSection
	GlobalSection(ProjectConfigurationPlatforms) = postSolution
		{04D7F985-A769-4079-9311-8E6BE52F7622}.Debug|Any CPU.ActiveCfg = Debug|Any CPU
		{04D7F985-A769-4079-9311-8E6BE52F7622}.Debug|Any CPU.Build.0 = Debug|Any CPU
		{04D7F985-A769-4079-9311-8E6BE52F7622}.Release|Any CPU.ActiveCfg = Release|Any CPU
		{04D7F985-A769-4079-9311-8E6BE52F7622}.Release|Any CPU.Build.0 = Release|Any CPU
	EndGlobalSection
	GlobalSection(SolutionProperties) = preSolution
		HideSolutionNode = FALSE
	EndGlobalSection
	GlobalSection(ExtensibilityGlobals) = postSolution
		SolutionGuid = {B4863EF8-CF66-4D83-8BFF-2ACDCD574603}
	EndGlobalSection
EndGlobal
